
Microsoft Visual Studio Solution File, Format Version 12.00
# Visual Studio Version 16
VisualStudioVersion = 16.0.30406.217
MinimumVisualStudioVersion = 10.0.40219.1
Project("{9A19103F-16F7-4668-BE54-9A1E7A4F7556}") = "Phoneword", "Phoneword\Phoneword\Phoneword.csproj", "{ADEE80ED-B2DD-4D2E-9239-9AD36C268C0E}"
EndProject
Project("{FAE04EC0-301F-11D3-BF4B-00C04F79EFBC}") = "Phoneword.Android", "Phoneword\Phoneword.Android\Phoneword.Android.csproj", "{71F0C0DC-43E1-48EA-8DDC-C35E149ADE37}"
EndProject
Project("{FAE04EC0-301F-11D3-BF4B-00C04F79EFBC}") = "Phoneword.iOS", "Phoneword\Phoneword.iOS\Phoneword.iOS.csproj", "{0BB70B69-E9DD-49D8-8A02-6CD851084F17}"
EndProject
Global
	GlobalSection(SolutionConfigurationPlatforms) = preSolution
		Debug|Any CPU = Debug|Any CPU
		Debug|iPhone = Debug|iPhone
		Debug|iPhoneSimulator = Debug|iPhoneSimulator
		Release|Any CPU = Release|Any CPU
		Release|iPhone = Release|iPhone
		Release|iPhoneSimulator = Release|iPhoneSimulator
	EndGlobalSection
	GlobalSection(ProjectConfigurationPlatforms) = postSolution
		{ADEE80ED-B2DD-4D2E-9239-9AD36C268C0E}.Debug|Any CPU.ActiveCfg = Debug|Any CPU
		{ADEE80ED-B2DD-4D2E-9239-9AD36C268C0E}.Debug|Any CPU.Build.0 = Debug|Any CPU
		{ADEE80ED-B2DD-4D2E-9239-9AD36C268C0E}.Debug|iPhone.ActiveCfg = Debug|Any CPU
		{ADEE80ED-B2DD-4D2E-9239-9AD36C268C0E}.Debug|iPhone.Build.0 = Debug|Any CPU
		{ADEE80ED-B2DD-4D2E-9239-9AD36C268C0E}.Debug|iPhoneSimulator.ActiveCfg = Debug|Any CPU
		{ADEE80ED-B2DD-4D2E-9239-9AD36C268C0E}.Debug|iPhoneSimulator.Build.0 = Debug|Any CPU
		{ADEE80ED-B2DD-4D2E-9239-9AD36C268C0E}.Release|Any CPU.ActiveCfg = Release|Any CPU
		{ADEE80ED-B2DD-4D2E-9239-9AD36C268C0E}.Release|Any CPU.Build.0 = Release|Any CPU
		{ADEE80ED-B2DD-4D2E-9239-9AD36C268C0E}.Release|iPhone.ActiveCfg = Release|Any CPU
		{ADEE80ED-B2DD-4D2E-9239-9AD36C268C0E}.Release|iPhone.Build.0 = Release|Any CPU
		{ADEE80ED-B2DD-4D2E-9239-9AD36C268C0E}.Release|iPhoneSimulator.ActiveCfg = Release|Any CPU
		{ADEE80ED-B2DD-4D2E-9239-9AD36C268C0E}.Release|iPhoneSimulator.Build.0 = Release|Any CPU
		{71F0C0DC-43E1-48EA-8DDC-C35E149ADE37}.Debug|Any CPU.ActiveCfg = Debug|Any CPU
		{71F0C0DC-43E1-48EA-8DDC-C35E149ADE37}.Debug|Any CPU.Build.0 = Debug|Any CPU
		{71F0C0DC-43E1-48EA-8DDC-C35E149ADE37}.Debug|Any CPU.Deploy.0 = Debug|Any CPU
		{71F0C0DC-43E1-48EA-8DDC-C35E149ADE37}.Debug|iPhone.ActiveCfg = Debug|Any CPU
		{71F0C0DC-43E1-48EA-8DDC-C35E149ADE37}.Debug|iPhone.Build.0 = Debug|Any CPU
		{71F0C0DC-43E1-48EA-8DDC-C35E149ADE37}.Debug|iPhone.Deploy.0 = Debug|Any CPU
		{71F0C0DC-43E1-48EA-8DDC-C35E149ADE37}.Debug|iPhoneSimulator.ActiveCfg = Debug|Any CPU
		{71F0C0DC-43E1-48EA-8DDC-C35E149ADE37}.Debug|iPhoneSimulator.Build.0 = Debug|Any CPU
		{71F0C0DC-43E1-48EA-8DDC-C35E149ADE37}.Debug|iPhoneSimulator.Deploy.0 = Debug|Any CPU
		{71F0C0DC-43E1-48EA-8DDC-C35E149ADE37}.Release|Any CPU.ActiveCfg = Release|Any CPU
		{71F0C0DC-43E1-48EA-8DDC-C35E149ADE37}.Release|Any CPU.Build.0 = Release|Any CPU
		{71F0C0DC-43E1-48EA-8DDC-C35E149ADE37}.Release|Any CPU.Deploy.0 = Release|Any CPU
		{71F0C0DC-43E1-48EA-8DDC-C35E149ADE37}.Release|iPhone.ActiveCfg = Release|Any CPU
		{71F0C0DC-43E1-48EA-8DDC-C35E149ADE37}.Release|iPhone.Build.0 = Release|Any CPU
		{71F0C0DC-43E1-48EA-8DDC-C35E149ADE37}.Release|iPhone.Deploy.0 = Release|Any CPU
		{71F0C0DC-43E1-48EA-8DDC-C35E149ADE37}.Release|iPhoneSimulator.ActiveCfg = Release|Any CPU
		{71F0C0DC-43E1-48EA-8DDC-C35E149ADE37}.Release|iPhoneSimulator.Build.0 = Release|Any CPU
		{71F0C0DC-43E1-48EA-8DDC-C35E149ADE37}.Release|iPhoneSimulator.Deploy.0 = Release|Any CPU
		{0BB70B69-E9DD-49D8-8A02-6CD851084F17}.Debug|Any CPU.ActiveCfg = Debug|iPhone
		{0BB70B69-E9DD-49D8-8A02-6CD851084F17}.Debug|iPhone.ActiveCfg = Debug|iPhone
		{0BB70B69-E9DD-49D8-8A02-6CD851084F17}.Debug|iPhone.Build.0 = Debug|iPhone
		{0BB70B69-E9DD-49D8-8A02-6CD851084F17}.Debug|iPhoneSimulator.ActiveCfg = Debug|iPhoneSimulator
		{0BB70B69-E9DD-49D8-8A02-6CD851084F17}.Debug|iPhoneSimulator.Build.0 = Debug|iPhoneSimulator
		{0BB70B69-E9DD-49D8-8A02-6CD851084F17}.Release|Any CPU.ActiveCfg = Release|iPhone
		{0BB70B69-E9DD-49D8-8A02-6CD851084F17}.Release|iPhone.ActiveCfg = Release|iPhone
		{0BB70B69-E9DD-49D8-8A02-6CD851084F17}.Release|iPhone.Build.0 = Release|iPhone
		{0BB70B69-E9DD-49D8-8A02-6CD851084F17}.Release|iPhoneSimulator.ActiveCfg = Release|iPhoneSimulator
		{0BB70B69-E9DD-49D8-8A02-6CD851084F17}.Release|iPhoneSimulator.Build.0 = Release|iPhoneSimulator
	EndGlobalSection
	GlobalSection(SolutionProperties) = preSolution
		HideSolutionNode = FALSE
	EndGlobalSection
	GlobalSection(ExtensibilityGlobals) = postSolution
		SolutionGuid = {164A97F4-1D08-4186-8CFD-E19652A750C0}
	EndGlobalSection
EndGlobal
